
Microsoft Visual Studio Solution File, Format Version 12.00
# Visual Studio Version 16
VisualStudioVersion = 16.0.30621.155
MinimumVisualStudioVersion = 10.0.40219.1
Project("{9092AA53-FB77-4645-B42D-1CCCA6BD08BD}") = "db-wrap", "db-wrap.njsproj", "{1BD6DC9B-FFD5-4E51-99CB-D6E291CF0BC5}"
EndProject
Global
	GlobalSection(SolutionConfigurationPlatforms) = preSolution
		Debug|Any CPU = Debug|Any CPU
		Release|Any CPU = Release|Any CPU
	EndGlobalSection
	GlobalSection(ProjectConfigurationPlatforms) = postSolution
		{1BD6DC9B-FFD5-4E51-99CB-D6E291CF0BC5}.Debug|Any CPU.ActiveCfg = Debug|Any CPU
		{1BD6DC9B-FFD5-4E51-99CB-D6E291CF0BC5}.Debug|Any CPU.Build.0 = Debug|Any CPU
		{1BD6DC9B-FFD5-4E51-99CB-D6E291CF0BC5}.Release|Any CPU.ActiveCfg = Release|Any CPU
		{1BD6DC9B-FFD5-4E51-99CB-D6E291CF0BC5}.Release|Any CPU.Build.0 = Release|Any CPU
	EndGlobalSection
	GlobalSection(SolutionProperties) = preSolution
		HideSolutionNode = FALSE
	EndGlobalSection
	GlobalSection(ExtensibilityGlobals) = postSolution
		SolutionGuid = {5F3576AA-E3E4-4B74-8255-CE8A7065DFB0}
	EndGlobalSection
EndGlobal
